
Microsoft Visual Studio Solution File, Format Version 12.00
# Visual Studio 15
VisualStudioVersion = 15.0.28010.2019
MinimumVisualStudioVersion = 10.0.40219.1
Project("{FAE04EC0-301F-11D3-BF4B-00C04F79EFBC}") = "App1", "App1\App1.csproj", "{37E223F6-8D4B-4334-86B6-F1E875E92085}"
EndProject
Global
	GlobalSection(SolutionConfigurationPlatforms) = preSolution
		Debug|Any CPU = Debug|Any CPU
		Release|Any CPU = Release|Any CPU
	EndGlobalSection
	GlobalSection(ProjectConfigurationPlatforms) = postSolution
		{37E223F6-8D4B-4334-86B6-F1E875E92085}.Debug|Any CPU.ActiveCfg = Debug|Any CPU
		{37E223F6-8D4B-4334-86B6-F1E875E92085}.Debug|Any CPU.Build.0 = Debug|Any CPU
		{37E223F6-8D4B-4334-86B6-F1E875E92085}.Release|Any CPU.ActiveCfg = Release|Any CPU
		{37E223F6-8D4B-4334-86B6-F1E875E92085}.Release|Any CPU.Build.0 = Release|Any CPU
	EndGlobalSection
	GlobalSection(SolutionProperties) = preSolution
		HideSolutionNode = FALSE
	EndGlobalSection
	GlobalSection(ExtensibilityGlobals) = postSolution
		SolutionGuid = {CCFA2B0D-762B-444A-B275-830D1B9603F8}
	EndGlobalSection
EndGlobal
